{
  "name": "radar",
  "lockfileVersion": 3,
  "requires": true,
  "packages": {
    "": {
      "devDependencies": {
        "@portalsdk/config": "^0.2.1"
      }
    },
    "node_modules/@portalsdk/config": {
      "version": "0.2.1",
      "resolved": "https://registry.npmjs.org/@portalsdk/config/-/config-0.2.1.tgz",
      "integrity": "sha512-H/f9yNg+ZDT5OMexTFzKaYfZhO+WmQIT2iQGMrQtwCMrqPHc2L/YJuv8qSan60VJMK92LLVgzAHXEKkQ3NWgEA==",
      "dev": true,
      "license": "MIT",
      "dependencies": {
        "@portalsdk/extension-protocol": "^0.1.0"
      }
    },
    "node_modules/@portalsdk/extension-protocol": {
      "version": "0.1.0",
      "resolved": "https://registry.npmjs.org/@portalsdk/extension-protocol/-/extension-protocol-0.1.0.tgz",
      "integrity": "sha512-TdiG+YH2UYmgy52re3XsEJBByDkZ6CNwLg2mdOT8KbUTgqThN+7d9Hpa66l7+yAUTZERC5thq0gqwsEKVrBDww==",
      "dev": true,
      "license": "MIT"
    }
  }
}
